
Microsoft Visual Studio Solution File, Format Version 12.00
# Visual Studio Version 17
VisualStudioVersion = 17.14.36408.4 d17.14
MinimumVisualStudioVersion = 10.0.40219.1
Project("{FAE04EC0-301F-11D3-BF4B-00C04F79EFBC}") = "GestorTareas", "GestorTareas\GestorTareas.csproj", "{3DFF7552-F275-4377-AD00-BF85DF1EB2FF}"
EndProject
Global
	GlobalSection(SolutionConfigurationPlatforms) = preSolution
		Debug|Any CPU = Debug|Any CPU
		Release|Any CPU = Release|Any CPU
	EndGlobalSection
	GlobalSection(ProjectConfigurationPlatforms) = postSolution
		{3DFF7552-F275-4377-AD00-BF85DF1EB2FF}.Debug|Any CPU.ActiveCfg = Debug|Any CPU
		{3DFF7552-F275-4377-AD00-BF85DF1EB2FF}.Debug|Any CPU.Build.0 = Debug|Any CPU
		{3DFF7552-F275-4377-AD00-BF85DF1EB2FF}.Release|Any CPU.ActiveCfg = Release|Any CPU
		{3DFF7552-F275-4377-AD00-BF85DF1EB2FF}.Release|Any CPU.Build.0 = Release|Any CPU
	EndGlobalSection
	GlobalSection(SolutionProperties) = preSolution
		HideSolutionNode = FALSE
	EndGlobalSection
	GlobalSection(ExtensibilityGlobals) = postSolution
		SolutionGuid = {CF37A879-3F6A-408E-8C89-67B547866EFE}
	EndGlobalSection
EndGlobal
